
Microsoft Visual Studio Solution File, Format Version 12.00
# Visual Studio Version 17
VisualStudioVersion = 17.5.33424.131
MinimumVisualStudioVersion = 10.0.40219.1
Project("{FAE04EC0-301F-11D3-BF4B-00C04F79EFBC}") = "ManifestFetcher", "ManifestFetcher\ManifestFetcher.csproj", "{E1B63B86-DAE6-426B-A876-3B47826F3604}"
EndProject
Project("{9A19103F-16F7-4668-BE54-9A1E7A4F7556}") = "ServerManifestGenerater", "ServerManifestGenerater\ServerManifestGenerater.csproj", "{239DF661-7045-4507-9D01-E0F2EC7F8B95}"
EndProject
Project("{9A19103F-16F7-4668-BE54-9A1E7A4F7556}") = "LibManifestFetcher", "LibManifestFetcher\LibManifestFetcher.csproj", "{CDA0AF9F-8B6C-4A2F-8CB1-F233083E2A04}"
EndProject
Project("{2150E333-8FDC-42A3-9474-1A3956D46DE8}") = "解决方案项", "解决方案项", "{68BC1388-35E5-4932-A64D-7BA838EBA888}"
	ProjectSection(SolutionItems) = preProject
		.gitignore = .gitignore
		LICENSE = LICENSE
		Readme.md = Readme.md
	EndProjectSection
EndProject
Global
	GlobalSection(SolutionConfigurationPlatforms) = preSolution
		Debug|Any CPU = Debug|Any CPU
		Release|Any CPU = Release|Any CPU
	EndGlobalSection
	GlobalSection(ProjectConfigurationPlatforms) = postSolution
		{E1B63B86-DAE6-426B-A876-3B47826F3604}.Debug|Any CPU.ActiveCfg = Debug|Any CPU
		{E1B63B86-DAE6-426B-A876-3B47826F3604}.Debug|Any CPU.Build.0 = Debug|Any CPU
		{E1B63B86-DAE6-426B-A876-3B47826F3604}.Release|Any CPU.ActiveCfg = Release|Any CPU
		{E1B63B86-DAE6-426B-A876-3B47826F3604}.Release|Any CPU.Build.0 = Release|Any CPU
		{239DF661-7045-4507-9D01-E0F2EC7F8B95}.Debug|Any CPU.ActiveCfg = Debug|Any CPU
		{239DF661-7045-4507-9D01-E0F2EC7F8B95}.Debug|Any CPU.Build.0 = Debug|Any CPU
		{239DF661-7045-4507-9D01-E0F2EC7F8B95}.Release|Any CPU.ActiveCfg = Release|Any CPU
		{239DF661-7045-4507-9D01-E0F2EC7F8B95}.Release|Any CPU.Build.0 = Release|Any CPU
		{CDA0AF9F-8B6C-4A2F-8CB1-F233083E2A04}.Debug|Any CPU.ActiveCfg = Debug|Any CPU
		{CDA0AF9F-8B6C-4A2F-8CB1-F233083E2A04}.Debug|Any CPU.Build.0 = Debug|Any CPU
		{CDA0AF9F-8B6C-4A2F-8CB1-F233083E2A04}.Release|Any CPU.ActiveCfg = Release|Any CPU
		{CDA0AF9F-8B6C-4A2F-8CB1-F233083E2A04}.Release|Any CPU.Build.0 = Release|Any CPU
	EndGlobalSection
	GlobalSection(SolutionProperties) = preSolution
		HideSolutionNode = FALSE
	EndGlobalSection
	GlobalSection(ExtensibilityGlobals) = postSolution
		SolutionGuid = {DA9014D2-1409-491F-969C-EB1DECDBB616}
	EndGlobalSection
EndGlobal
